
Microsoft Visual Studio Solution File, Format Version 12.00
# Visual Studio 15
VisualStudioVersion = 15.0.28010.2016
MinimumVisualStudioVersion = 10.0.40219.1
Project("{FAE04EC0-301F-11D3-BF4B-00C04F79EFBC}") = "DotNet", "DotNet.csproj", "{DA01A420-C72D-42E4-9FA6-23DB881C1BEB}"
EndProject
Global
	GlobalSection(SolutionConfigurationPlatforms) = preSolution
		Debug|Any CPU = Debug|Any CPU
		Debug|x64 = Debug|x64
		Release|Any CPU = Release|Any CPU
		Release|x64 = Release|x64
	EndGlobalSection
	GlobalSection(ProjectConfigurationPlatforms) = postSolution
		{DA01A420-C72D-42E4-9FA6-23DB881C1BEB}.Debug|Any CPU.ActiveCfg = Debug|Any CPU
		{DA01A420-C72D-42E4-9FA6-23DB881C1BEB}.Debug|Any CPU.Build.0 = Debug|Any CPU
		{DA01A420-C72D-42E4-9FA6-23DB881C1BEB}.Debug|x64.ActiveCfg = Debug|x64
		{DA01A420-C72D-42E4-9FA6-23DB881C1BEB}.Debug|x64.Build.0 = Debug|x64
		{DA01A420-C72D-42E4-9FA6-23DB881C1BEB}.Release|Any CPU.ActiveCfg = Release|Any CPU
		{DA01A420-C72D-42E4-9FA6-23DB881C1BEB}.Release|Any CPU.Build.0 = Release|Any CPU
		{DA01A420-C72D-42E4-9FA6-23DB881C1BEB}.Release|x64.ActiveCfg = Release|x64
		{DA01A420-C72D-42E4-9FA6-23DB881C1BEB}.Release|x64.Build.0 = Release|x64
	EndGlobalSection
	GlobalSection(SolutionProperties) = preSolution
		HideSolutionNode = FALSE
	EndGlobalSection
	GlobalSection(ExtensibilityGlobals) = postSolution
		SolutionGuid = {26ADF834-E3DD-42CE-8413-5D7C6901579F}
	EndGlobalSection
EndGlobal
